
Microsoft Visual Studio Solution File, Format Version 12.00
# Visual Studio Version 17
VisualStudioVersion = 17.5.002.0
MinimumVisualStudioVersion = 10.0.40219.1
Project("{9A19103F-16F7-4668-BE54-9A1E7A4F7556}") = "Итоговое дз сишарпа", "Итоговое дз сишарпа.csproj", "{ADA97202-E3AE-4465-9941-0C09C97475A5}"
EndProject
Global
	GlobalSection(SolutionConfigurationPlatforms) = preSolution
		Debug|Any CPU = Debug|Any CPU
		Release|Any CPU = Release|Any CPU
	EndGlobalSection
	GlobalSection(ProjectConfigurationPlatforms) = postSolution
		{ADA97202-E3AE-4465-9941-0C09C97475A5}.Debug|Any CPU.ActiveCfg = Debug|Any CPU
		{ADA97202-E3AE-4465-9941-0C09C97475A5}.Debug|Any CPU.Build.0 = Debug|Any CPU
		{ADA97202-E3AE-4465-9941-0C09C97475A5}.Release|Any CPU.ActiveCfg = Release|Any CPU
		{ADA97202-E3AE-4465-9941-0C09C97475A5}.Release|Any CPU.Build.0 = Release|Any CPU
	EndGlobalSection
	GlobalSection(SolutionProperties) = preSolution
		HideSolutionNode = FALSE
	EndGlobalSection
	GlobalSection(ExtensibilityGlobals) = postSolution
		SolutionGuid = {03D77E28-D08E-4CB4-A02A-5A528BB9AED8}
	EndGlobalSection
EndGlobal
